
Microsoft Visual Studio Solution File, Format Version 12.00
# Visual Studio Version 17
VisualStudioVersion = 17.11.35222.181
MinimumVisualStudioVersion = 10.0.40219.1
Project("{FAE04EC0-301F-11D3-BF4B-00C04F79EFBC}") = "MVVMSing", "MVVMSing\MVVMSing.csproj", "{142BC1FB-C76C-4050-8378-3C7F2B61A01B}"
EndProject
Global
	GlobalSection(SolutionConfigurationPlatforms) = preSolution
		Debug|Any CPU = Debug|Any CPU
		Release|Any CPU = Release|Any CPU
	EndGlobalSection
	GlobalSection(ProjectConfigurationPlatforms) = postSolution
		{142BC1FB-C76C-4050-8378-3C7F2B61A01B}.Debug|Any CPU.ActiveCfg = Debug|Any CPU
		{142BC1FB-C76C-4050-8378-3C7F2B61A01B}.Debug|Any CPU.Build.0 = Debug|Any CPU
		{142BC1FB-C76C-4050-8378-3C7F2B61A01B}.Release|Any CPU.ActiveCfg = Release|Any CPU
		{142BC1FB-C76C-4050-8378-3C7F2B61A01B}.Release|Any CPU.Build.0 = Release|Any CPU
	EndGlobalSection
	GlobalSection(SolutionProperties) = preSolution
		HideSolutionNode = FALSE
	EndGlobalSection
	GlobalSection(ExtensibilityGlobals) = postSolution
		SolutionGuid = {27FF042B-B5AA-4932-A95D-1A9C182F85AC}
	EndGlobalSection
EndGlobal
