
Microsoft Visual Studio Solution File, Format Version 12.00
# Visual Studio Version 17
VisualStudioVersion = 17.11.35219.272
MinimumVisualStudioVersion = 10.0.40219.1
Project("{FAE04EC0-301F-11D3-BF4B-00C04F79EFBC}") = "Eight", "Eight\Eight.csproj", "{1E70C7BA-D03E-4663-9634-9BE60C29FC77}"
EndProject
Global
	GlobalSection(SolutionConfigurationPlatforms) = preSolution
		Debug|Any CPU = Debug|Any CPU
		Release|Any CPU = Release|Any CPU
	EndGlobalSection
	GlobalSection(ProjectConfigurationPlatforms) = postSolution
		{1E70C7BA-D03E-4663-9634-9BE60C29FC77}.Debug|Any CPU.ActiveCfg = Debug|Any CPU
		{1E70C7BA-D03E-4663-9634-9BE60C29FC77}.Debug|Any CPU.Build.0 = Debug|Any CPU
		{1E70C7BA-D03E-4663-9634-9BE60C29FC77}.Release|Any CPU.ActiveCfg = Release|Any CPU
		{1E70C7BA-D03E-4663-9634-9BE60C29FC77}.Release|Any CPU.Build.0 = Release|Any CPU
	EndGlobalSection
	GlobalSection(SolutionProperties) = preSolution
		HideSolutionNode = FALSE
	EndGlobalSection
	GlobalSection(ExtensibilityGlobals) = postSolution
		SolutionGuid = {7CEA12D7-4A91-48EF-B690-7BA0FD28EFA2}
	EndGlobalSection
EndGlobal
