
Microsoft Visual Studio Solution File, Format Version 12.00
# Visual Studio Version 17
VisualStudioVersion = 17.11.35219.272
MinimumVisualStudioVersion = 10.0.40219.1
Project("{FAE04EC0-301F-11D3-BF4B-00C04F79EFBC}") = "Four", "Four\Four.csproj", "{F4C0D22B-9AD3-4804-92EF-543A5ADA4DD6}"
EndProject
Global
	GlobalSection(SolutionConfigurationPlatforms) = preSolution
		Debug|Any CPU = Debug|Any CPU
		Release|Any CPU = Release|Any CPU
	EndGlobalSection
	GlobalSection(ProjectConfigurationPlatforms) = postSolution
		{F4C0D22B-9AD3-4804-92EF-543A5ADA4DD6}.Debug|Any CPU.ActiveCfg = Debug|Any CPU
		{F4C0D22B-9AD3-4804-92EF-543A5ADA4DD6}.Debug|Any CPU.Build.0 = Debug|Any CPU
		{F4C0D22B-9AD3-4804-92EF-543A5ADA4DD6}.Release|Any CPU.ActiveCfg = Release|Any CPU
		{F4C0D22B-9AD3-4804-92EF-543A5ADA4DD6}.Release|Any CPU.Build.0 = Release|Any CPU
	EndGlobalSection
	GlobalSection(SolutionProperties) = preSolution
		HideSolutionNode = FALSE
	EndGlobalSection
	GlobalSection(ExtensibilityGlobals) = postSolution
		SolutionGuid = {ADBF051B-1F9C-4A2B-85CA-1972E548C464}
	EndGlobalSection
EndGlobal
